// !$*UTF8*$!
{
	archiveVersion = 1;
	classes = {
	};
	objectVersion = 56;
	objects = {

/* Begin PBXBuildFile section */
		BC03FA472AEE7B2E00DFCADC /* LoadingSectionHeaderView.swift in Sources */ = {isa = PBXBuildFile; fileRef = BC03FA462AEE7B2E00DFCADC /* LoadingSectionHeaderView.swift */; };
		BC03FA492AEE7B4100DFCADC /* ErrorSectionHeaderView.swift in Sources */ = {isa = PBXBuildFile; fileRef = BC03FA482AEE7B4100DFCADC /* ErrorSectionHeaderView.swift */; };
		BC03FA4B2AEEA76100DFCADC /* ErrorSectionHeaderViewModel.swift in Sources */ = {isa = PBXBuildFile; fileRef = BC03FA4A2AEEA76100DFCADC /* ErrorSectionHeaderViewModel.swift */; };
		BC03FA4E2AEECFAE00DFCADC /* LoadableErrorableView.swift in Sources */ = {isa = PBXBuildFile; fileRef = BC03FA4D2AEECFAE00DFCADC /* LoadableErrorableView.swift */; };
		BC03FA512AEEE4F200DFCADC /* CoordinatorProtocol.swift in Sources */ = {isa = PBXBuildFile; fileRef = BC03FA502AEEE4F200DFCADC /* CoordinatorProtocol.swift */; };
		BC03FA532AEEE56100DFCADC /* ArtObjectDetailsCoordinator.swift in Sources */ = {isa = PBXBuildFile; fileRef = BC03FA522AEEE56100DFCADC /* ArtObjectDetailsCoordinator.swift */; };
		BC03FA552AEEEFCD00DFCADC /* Image.swift in Sources */ = {isa = PBXBuildFile; fileRef = BC03FA542AEEEFCD00DFCADC /* Image.swift */; };
		BC28C48A2AEAEAE70008842E /* ArtObjectDetailsViewController.swift in Sources */ = {isa = PBXBuildFile; fileRef = BC28C4892AEAEAE70008842E /* ArtObjectDetailsViewController.swift */; };
		BC28C48C2AEAEBF70008842E /* ArtObjectDetailsViewModel.swift in Sources */ = {isa = PBXBuildFile; fileRef = BC28C48B2AEAEBF70008842E /* ArtObjectDetailsViewModel.swift */; };
		BCC118952AE6C83D00ACC30F /* AppDelegate.swift in Sources */ = {isa = PBXBuildFile; fileRef = BCC118942AE6C83D00ACC30F /* AppDelegate.swift */; };
		BCC118972AE6C83D00ACC30F /* SceneDelegate.swift in Sources */ = {isa = PBXBuildFile; fileRef = BCC118962AE6C83D00ACC30F /* SceneDelegate.swift */; };
		BCC118992AE6C83D00ACC30F /* ViewController.swift in Sources */ = {isa = PBXBuildFile; fileRef = BCC118982AE6C83D00ACC30F /* ViewController.swift */; };
		BCC1189C2AE6C83D00ACC30F /* Main.storyboard in Resources */ = {isa = PBXBuildFile; fileRef = BCC1189A2AE6C83D00ACC30F /* Main.storyboard */; };
		BCC1189E2AE6C83F00ACC30F /* Assets.xcassets in Resources */ = {isa = PBXBuildFile; fileRef = BCC1189D2AE6C83F00ACC30F /* Assets.xcassets */; };
		BCC118A12AE6C83F00ACC30F /* LaunchScreen.storyboard in Resources */ = {isa = PBXBuildFile; fileRef = BCC1189F2AE6C83F00ACC30F /* LaunchScreen.storyboard */; };
		BCC118C82AE7070200ACC30F /* EndpointProtocol.swift in Sources */ = {isa = PBXBuildFile; fileRef = BCC118C72AE7070200ACC30F /* EndpointProtocol.swift */; };
		BCC118CA2AE7078200ACC30F /* CollectionEndpoint.swift in Sources */ = {isa = PBXBuildFile; fileRef = BCC118C92AE7078200ACC30F /* CollectionEndpoint.swift */; };
		BCC118CF2AE707EF00ACC30F /* CollectionDTO.swift in Sources */ = {isa = PBXBuildFile; fileRef = BCC118CE2AE707EF00ACC30F /* CollectionDTO.swift */; };
		BCC118D12AE70B4400ACC30F /* CollectionDetailsEndpoint.swift in Sources */ = {isa = PBXBuildFile; fileRef = BCC118D02AE70B4400ACC30F /* CollectionDetailsEndpoint.swift */; };
		BCC118D32AE70B6500ACC30F /* CollectionDetailsDTO.swift in Sources */ = {isa = PBXBuildFile; fileRef = BCC118D22AE70B6500ACC30F /* CollectionDetailsDTO.swift */; };
		BCC118D52AE70F4F00ACC30F /* NetworkClient.swift in Sources */ = {isa = PBXBuildFile; fileRef = BCC118D42AE70F4F00ACC30F /* NetworkClient.swift */; };
		BCC118D72AE70F6F00ACC30F /* RijksDataService.swift in Sources */ = {isa = PBXBuildFile; fileRef = BCC118D62AE70F6F00ACC30F /* RijksDataService.swift */; };
		BCC118D92AE7172600ACC30F /* Collection.swift in Sources */ = {isa = PBXBuildFile; fileRef = BCC118D82AE7172600ACC30F /* Collection.swift */; };
		BCC118DB2AE7236800ACC30F /* CollectionDetails.swift in Sources */ = {isa = PBXBuildFile; fileRef = BCC118DA2AE7236800ACC30F /* CollectionDetails.swift */; };
		BCC118DD2AE723F900ACC30F /* ArtObjectsRepository.swift in Sources */ = {isa = PBXBuildFile; fileRef = BCC118DC2AE723F900ACC30F /* ArtObjectsRepository.swift */; };
		BCC118E92AE8695F00ACC30F /* ArtObjectsRepositoryTests.swift in Sources */ = {isa = PBXBuildFile; fileRef = BCC118E82AE8695F00ACC30F /* ArtObjectsRepositoryTests.swift */; };
		BCC118EB2AE8698300ACC30F /* RijksCollectionDataServiceStub.swift in Sources */ = {isa = PBXBuildFile; fileRef = BCC118EA2AE8698300ACC30F /* RijksCollectionDataServiceStub.swift */; };
		BCC118EF2AE945F300ACC30F /* ArtObjectsOverviewViewController.swift in Sources */ = {isa = PBXBuildFile; fileRef = BCC118EE2AE945F200ACC30F /* ArtObjectsOverviewViewController.swift */; };
		BCC118F12AE9694300ACC30F /* ArtObjectsOverviewCell.swift in Sources */ = {isa = PBXBuildFile; fileRef = BCC118F02AE9694300ACC30F /* ArtObjectsOverviewCell.swift */; };
		BCC118F32AE96A2D00ACC30F /* ArtObjectsOverviewCellViewModel.swift in Sources */ = {isa = PBXBuildFile; fileRef = BCC118F22AE96A2D00ACC30F /* ArtObjectsOverviewCellViewModel.swift */; };
		BCC118F52AE96E3700ACC30F /* ImageLoaderService.swift in Sources */ = {isa = PBXBuildFile; fileRef = BCC118F42AE96E3700ACC30F /* ImageLoaderService.swift */; };
		BCC118FA2AE9C28600ACC30F /* ReusableCell.swift in Sources */ = {isa = PBXBuildFile; fileRef = BCC118F92AE9C28600ACC30F /* ReusableCell.swift */; };
		BCC118FC2AE9C80400ACC30F /* ArtObjectsOverviewViewModel.swift in Sources */ = {isa = PBXBuildFile; fileRef = BCC118FB2AE9C80400ACC30F /* ArtObjectsOverviewViewModel.swift */; };
		BCC2218D2AEA940A003C0989 /* ArtObjectsOverviewCoordinator.swift in Sources */ = {isa = PBXBuildFile; fileRef = BCC2218C2AEA940A003C0989 /* ArtObjectsOverviewCoordinator.swift */; };
		BCC221942AEAA95D003C0989 /* ArtObjectImagesRepository.swift in Sources */ = {isa = PBXBuildFile; fileRef = BCC221932AEAA95D003C0989 /* ArtObjectImagesRepository.swift */; };
		BCC221D62AEABAD0003C0989 /* ArtObjectsSectionHeaderView.swift in Sources */ = {isa = PBXBuildFile; fileRef = BCC221D52AEABAD0003C0989 /* ArtObjectsSectionHeaderView.swift */; };
		BCC221D82AEABB67003C0989 /* ArtObjectsSectionHeaderViewModel.swift in Sources */ = {isa = PBXBuildFile; fileRef = BCC221D72AEABB67003C0989 /* ArtObjectsSectionHeaderViewModel.swift */; };
/* End PBXBuildFile section */

/* Begin PBXContainerItemProxy section */
		BCC118A82AE6C83F00ACC30F /* PBXContainerItemProxy */ = {
			isa = PBXContainerItemProxy;
			containerPortal = BCC118892AE6C83D00ACC30F /* Project object */;
			proxyType = 1;
			remoteGlobalIDString = BCC118902AE6C83D00ACC30F;
			remoteInfo = RijksDataBrowser;
		};
/* End PBXContainerItemProxy section */

/* Begin PBXFileReference section */
		BC03FA462AEE7B2E00DFCADC /* LoadingSectionHeaderView.swift */ = {isa = PBXFileReference; lastKnownFileType = sourcecode.swift; path = LoadingSectionHeaderView.swift; sourceTree = "<group>"; };
		BC03FA482AEE7B4100DFCADC /* ErrorSectionHeaderView.swift */ = {isa = PBXFileReference; lastKnownFileType = sourcecode.swift; path = ErrorSectionHeaderView.swift; sourceTree = "<group>"; };
		BC03FA4A2AEEA76100DFCADC /* ErrorSectionHeaderViewModel.swift */ = {isa = PBXFileReference; lastKnownFileType = sourcecode.swift; path = ErrorSectionHeaderViewModel.swift; sourceTree = "<group>"; };
		BC03FA4D2AEECFAE00DFCADC /* LoadableErrorableView.swift */ = {isa = PBXFileReference; lastKnownFileType = sourcecode.swift; path = LoadableErrorableView.swift; sourceTree = "<group>"; };
		BC03FA502AEEE4F200DFCADC /* CoordinatorProtocol.swift */ = {isa = PBXFileReference; lastKnownFileType = sourcecode.swift; path = CoordinatorProtocol.swift; sourceTree = "<group>"; };
		BC03FA522AEEE56100DFCADC /* ArtObjectDetailsCoordinator.swift */ = {isa = PBXFileReference; lastKnownFileType = sourcecode.swift; path = ArtObjectDetailsCoordinator.swift; sourceTree = "<group>"; };
		BC03FA542AEEEFCD00DFCADC /* Image.swift */ = {isa = PBXFileReference; lastKnownFileType = sourcecode.swift; path = Image.swift; sourceTree = "<group>"; };
		BC28C4892AEAEAE70008842E /* ArtObjectDetailsViewController.swift */ = {isa = PBXFileReference; lastKnownFileType = sourcecode.swift; path = ArtObjectDetailsViewController.swift; sourceTree = "<group>"; };
		BC28C48B2AEAEBF70008842E /* ArtObjectDetailsViewModel.swift */ = {isa = PBXFileReference; lastKnownFileType = sourcecode.swift; path = ArtObjectDetailsViewModel.swift; sourceTree = "<group>"; };
		BCC118912AE6C83D00ACC30F /* RijksDataBrowser.app */ = {isa = PBXFileReference; explicitFileType = wrapper.application; includeInIndex = 0; path = RijksDataBrowser.app; sourceTree = BUILT_PRODUCTS_DIR; };
		BCC118942AE6C83D00ACC30F /* AppDelegate.swift */ = {isa = PBXFileReference; lastKnownFileType = sourcecode.swift; path = AppDelegate.swift; sourceTree = "<group>"; };
		BCC118962AE6C83D00ACC30F /* SceneDelegate.swift */ = {isa = PBXFileReference; lastKnownFileType = sourcecode.swift; path = SceneDelegate.swift; sourceTree = "<group>"; };
		BCC118982AE6C83D00ACC30F /* ViewController.swift */ = {isa = PBXFileReference; lastKnownFileType = sourcecode.swift; path = ViewController.swift; sourceTree = "<group>"; };
		BCC1189B2AE6C83D00ACC30F /* Base */ = {isa = PBXFileReference; lastKnownFileType = file.storyboard; name = Base; path = Base.lproj/Main.storyboard; sourceTree = "<group>"; };
		BCC1189D2AE6C83F00ACC30F /* Assets.xcassets */ = {isa = PBXFileReference; lastKnownFileType = folder.assetcatalog; path = Assets.xcassets; sourceTree = "<group>"; };
		BCC118A02AE6C83F00ACC30F /* Base */ = {isa = PBXFileReference; lastKnownFileType = file.storyboard; name = Base; path = Base.lproj/LaunchScreen.storyboard; sourceTree = "<group>"; };
		BCC118A22AE6C83F00ACC30F /* Info.plist */ = {isa = PBXFileReference; lastKnownFileType = text.plist.xml; path = Info.plist; sourceTree = "<group>"; };
		BCC118A72AE6C83F00ACC30F /* RijksDataBrowserTests.xctest */ = {isa = PBXFileReference; explicitFileType = wrapper.cfbundle; includeInIndex = 0; path = RijksDataBrowserTests.xctest; sourceTree = BUILT_PRODUCTS_DIR; };
		BCC118C72AE7070200ACC30F /* EndpointProtocol.swift */ = {isa = PBXFileReference; lastKnownFileType = sourcecode.swift; path = EndpointProtocol.swift; sourceTree = "<group>"; };
		BCC118C92AE7078200ACC30F /* CollectionEndpoint.swift */ = {isa = PBXFileReference; lastKnownFileType = sourcecode.swift; path = CollectionEndpoint.swift; sourceTree = "<group>"; };
		BCC118CE2AE707EF00ACC30F /* CollectionDTO.swift */ = {isa = PBXFileReference; lastKnownFileType = sourcecode.swift; path = CollectionDTO.swift; sourceTree = "<group>"; };
		BCC118D02AE70B4400ACC30F /* CollectionDetailsEndpoint.swift */ = {isa = PBXFileReference; lastKnownFileType = sourcecode.swift; path = CollectionDetailsEndpoint.swift; sourceTree = "<group>"; };
		BCC118D22AE70B6500ACC30F /* CollectionDetailsDTO.swift */ = {isa = PBXFileReference; lastKnownFileType = sourcecode.swift; path = CollectionDetailsDTO.swift; sourceTree = "<group>"; };
		BCC118D42AE70F4F00ACC30F /* NetworkClient.swift */ = {isa = PBXFileReference; lastKnownFileType = sourcecode.swift; path = NetworkClient.swift; sourceTree = "<group>"; };
		BCC118D62AE70F6F00ACC30F /* RijksDataService.swift */ = {isa = PBXFileReference; lastKnownFileType = sourcecode.swift; path = RijksDataService.swift; sourceTree = "<group>"; };
		BCC118D82AE7172600ACC30F /* Collection.swift */ = {isa = PBXFileReference; lastKnownFileType = sourcecode.swift; path = Collection.swift; sourceTree = "<group>"; };
		BCC118DA2AE7236800ACC30F /* CollectionDetails.swift */ = {isa = PBXFileReference; lastKnownFileType = sourcecode.swift; path = CollectionDetails.swift; sourceTree = "<group>"; };
		BCC118DC2AE723F900ACC30F /* ArtObjectsRepository.swift */ = {isa = PBXFileReference; lastKnownFileType = sourcecode.swift; path = ArtObjectsRepository.swift; sourceTree = "<group>"; };
		BCC118E82AE8695F00ACC30F /* ArtObjectsRepositoryTests.swift */ = {isa = PBXFileReference; lastKnownFileType = sourcecode.swift; path = ArtObjectsRepositoryTests.swift; sourceTree = "<group>"; };
		BCC118EA2AE8698300ACC30F /* RijksCollectionDataServiceStub.swift */ = {isa = PBXFileReference; lastKnownFileType = sourcecode.swift; path = RijksCollectionDataServiceStub.swift; sourceTree = "<group>"; };
		BCC118EE2AE945F200ACC30F /* ArtObjectsOverviewViewController.swift */ = {isa = PBXFileReference; lastKnownFileType = sourcecode.swift; path = ArtObjectsOverviewViewController.swift; sourceTree = "<group>"; };
		BCC118F02AE9694300ACC30F /* ArtObjectsOverviewCell.swift */ = {isa = PBXFileReference; lastKnownFileType = sourcecode.swift; path = ArtObjectsOverviewCell.swift; sourceTree = "<group>"; };
		BCC118F22AE96A2D00ACC30F /* ArtObjectsOverviewCellViewModel.swift */ = {isa = PBXFileReference; lastKnownFileType = sourcecode.swift; path = ArtObjectsOverviewCellViewModel.swift; sourceTree = "<group>"; };
		BCC118F42AE96E3700ACC30F /* ImageLoaderService.swift */ = {isa = PBXFileReference; lastKnownFileType = sourcecode.swift; path = ImageLoaderService.swift; sourceTree = "<group>"; };
		BCC118F92AE9C28600ACC30F /* ReusableCell.swift */ = {isa = PBXFileReference; lastKnownFileType = sourcecode.swift; path = ReusableCell.swift; sourceTree = "<group>"; };
		BCC118FB2AE9C80400ACC30F /* ArtObjectsOverviewViewModel.swift */ = {isa = PBXFileReference; lastKnownFileType = sourcecode.swift; path = ArtObjectsOverviewViewModel.swift; sourceTree = "<group>"; };
		BCC2218C2AEA940A003C0989 /* ArtObjectsOverviewCoordinator.swift */ = {isa = PBXFileReference; lastKnownFileType = sourcecode.swift; path = ArtObjectsOverviewCoordinator.swift; sourceTree = "<group>"; };
		BCC221932AEAA95D003C0989 /* ArtObjectImagesRepository.swift */ = {isa = PBXFileReference; lastKnownFileType = sourcecode.swift; path = ArtObjectImagesRepository.swift; sourceTree = "<group>"; };
		BCC221D52AEABAD0003C0989 /* ArtObjectsSectionHeaderView.swift */ = {isa = PBXFileReference; lastKnownFileType = sourcecode.swift; path = ArtObjectsSectionHeaderView.swift; sourceTree = "<group>"; };
		BCC221D72AEABB67003C0989 /* ArtObjectsSectionHeaderViewModel.swift */ = {isa = PBXFileReference; lastKnownFileType = sourcecode.swift; path = ArtObjectsSectionHeaderViewModel.swift; sourceTree = "<group>"; };
/* End PBXFileReference section */

/* Begin PBXFrameworksBuildPhase section */
		BCC1188E2AE6C83D00ACC30F /* Frameworks */ = {
			isa = PBXFrameworksBuildPhase;
			buildActionMask = 2147483647;
			files = (
			);
			runOnlyForDeploymentPostprocessing = 0;
		};
		BCC118A42AE6C83F00ACC30F /* Frameworks */ = {
			isa = PBXFrameworksBuildPhase;
			buildActionMask = 2147483647;
			files = (
			);
			runOnlyForDeploymentPostprocessing = 0;
		};
/* End PBXFrameworksBuildPhase section */

/* Begin PBXGroup section */
		BC03FA452AEE79C200DFCADC /* Headers */ = {
			isa = PBXGroup;
			children = (
				BCC221D52AEABAD0003C0989 /* ArtObjectsSectionHeaderView.swift */,
				BCC221D72AEABB67003C0989 /* ArtObjectsSectionHeaderViewModel.swift */,
				BC03FA462AEE7B2E00DFCADC /* LoadingSectionHeaderView.swift */,
				BC03FA482AEE7B4100DFCADC /* ErrorSectionHeaderView.swift */,
				BC03FA4A2AEEA76100DFCADC /* ErrorSectionHeaderViewModel.swift */,
			);
			path = Headers;
			sourceTree = "<group>";
		};
		BC03FA4C2AEECF8B00DFCADC /* Views */ = {
			isa = PBXGroup;
			children = (
				BC03FA4D2AEECFAE00DFCADC /* LoadableErrorableView.swift */,
			);
			path = Views;
			sourceTree = "<group>";
		};
		BC03FA4F2AEEE10600DFCADC /* Coordinators */ = {
			isa = PBXGroup;
			children = (
				BC03FA502AEEE4F200DFCADC /* CoordinatorProtocol.swift */,
				BCC2218C2AEA940A003C0989 /* ArtObjectsOverviewCoordinator.swift */,
				BC03FA522AEEE56100DFCADC /* ArtObjectDetailsCoordinator.swift */,
			);
			path = Coordinators;
			sourceTree = "<group>";
		};
		BC28C4882AEAEAB60008842E /* ArtObjectDetails */ = {
			isa = PBXGroup;
			children = (
				BC28C4892AEAEAE70008842E /* ArtObjectDetailsViewController.swift */,
				BC28C48B2AEAEBF70008842E /* ArtObjectDetailsViewModel.swift */,
			);
			path = ArtObjectDetails;
			sourceTree = "<group>";
		};
		BCC118882AE6C83D00ACC30F = {
			isa = PBXGroup;
			children = (
				BCC118932AE6C83D00ACC30F /* RijksDataBrowser */,
				BCC118AA2AE6C83F00ACC30F /* RijksDataBrowserTests */,
				BCC118922AE6C83D00ACC30F /* Products */,
			);
			sourceTree = "<group>";
		};
		BCC118922AE6C83D00ACC30F /* Products */ = {
			isa = PBXGroup;
			children = (
				BCC118912AE6C83D00ACC30F /* RijksDataBrowser.app */,
				BCC118A72AE6C83F00ACC30F /* RijksDataBrowserTests.xctest */,
			);
			name = Products;
			sourceTree = "<group>";
		};
		BCC118932AE6C83D00ACC30F /* RijksDataBrowser */ = {
			isa = PBXGroup;
			children = (
				BC03FA4F2AEEE10600DFCADC /* Coordinators */,
				BC03FA4C2AEECF8B00DFCADC /* Views */,
				BCC118F72AE9C26E00ACC30F /* Extensions */,
				BCC118EC2AE945C100ACC30F /* Screens */,
				BCC118CD2AE707DC00ACC30F /* Models */,
				BCC118C42AE706DB00ACC30F /* Services */,
				BCC221922AEAA925003C0989 /* Repositories */,
				BCC118942AE6C83D00ACC30F /* AppDelegate.swift */,
				BCC118962AE6C83D00ACC30F /* SceneDelegate.swift */,
				BCC118982AE6C83D00ACC30F /* ViewController.swift */,
				BCC1189A2AE6C83D00ACC30F /* Main.storyboard */,
				BCC1189D2AE6C83F00ACC30F /* Assets.xcassets */,
				BCC1189F2AE6C83F00ACC30F /* LaunchScreen.storyboard */,
				BCC118A22AE6C83F00ACC30F /* Info.plist */,
			);
			path = RijksDataBrowser;
			sourceTree = "<group>";
		};
		BCC118AA2AE6C83F00ACC30F /* RijksDataBrowserTests */ = {
			isa = PBXGroup;
			children = (
				BCC118E82AE8695F00ACC30F /* ArtObjectsRepositoryTests.swift */,
				BCC118EA2AE8698300ACC30F /* RijksCollectionDataServiceStub.swift */,
			);
			path = RijksDataBrowserTests;
			sourceTree = "<group>";
		};
		BCC118C42AE706DB00ACC30F /* Services */ = {
			isa = PBXGroup;
			children = (
				BCC118C62AE706EE00ACC30F /* Network */,
			);
			path = Services;
			sourceTree = "<group>";
		};
		BCC118C52AE706E400ACC30F /* Endpoints */ = {
			isa = PBXGroup;
			children = (
				BCC118C72AE7070200ACC30F /* EndpointProtocol.swift */,
				BCC118C92AE7078200ACC30F /* CollectionEndpoint.swift */,
				BCC118D02AE70B4400ACC30F /* CollectionDetailsEndpoint.swift */,
			);
			path = Endpoints;
			sourceTree = "<group>";
		};
		BCC118C62AE706EE00ACC30F /* Network */ = {
			isa = PBXGroup;
			children = (
				BCC118C52AE706E400ACC30F /* Endpoints */,
				BCC118D42AE70F4F00ACC30F /* NetworkClient.swift */,
				BCC118D62AE70F6F00ACC30F /* RijksDataService.swift */,
				BCC118F42AE96E3700ACC30F /* ImageLoaderService.swift */,
			);
			path = Network;
			sourceTree = "<group>";
		};
		BCC118CD2AE707DC00ACC30F /* Models */ = {
			isa = PBXGroup;
			children = (
				BCC118CE2AE707EF00ACC30F /* CollectionDTO.swift */,
				BCC118D22AE70B6500ACC30F /* CollectionDetailsDTO.swift */,
				BCC118D82AE7172600ACC30F /* Collection.swift */,
				BCC118DA2AE7236800ACC30F /* CollectionDetails.swift */,
				BC03FA542AEEEFCD00DFCADC /* Image.swift */,
			);
			path = Models;
			sourceTree = "<group>";
		};
		BCC118EC2AE945C100ACC30F /* Screens */ = {
			isa = PBXGroup;
			children = (
				BCC118ED2AE945CA00ACC30F /* ArtObjectsOverview */,
				BC28C4882AEAEAB60008842E /* ArtObjectDetails */,
			);
			path = Screens;
			sourceTree = "<group>";
		};
		BCC118ED2AE945CA00ACC30F /* ArtObjectsOverview */ = {
			isa = PBXGroup;
			children = (
				BC03FA452AEE79C200DFCADC /* Headers */,
				BCC118F62AE9720A00ACC30F /* Cells */,
				BCC118EE2AE945F200ACC30F /* ArtObjectsOverviewViewController.swift */,
				BCC118FB2AE9C80400ACC30F /* ArtObjectsOverviewViewModel.swift */,
			);
			path = ArtObjectsOverview;
			sourceTree = "<group>";
		};
		BCC118F62AE9720A00ACC30F /* Cells */ = {
			isa = PBXGroup;
			children = (
				BCC118F02AE9694300ACC30F /* ArtObjectsOverviewCell.swift */,
				BCC118F22AE96A2D00ACC30F /* ArtObjectsOverviewCellViewModel.swift */,
			);
			path = Cells;
			sourceTree = "<group>";
		};
		BCC118F72AE9C26E00ACC30F /* Extensions */ = {
			isa = PBXGroup;
			children = (
				BCC118F92AE9C28600ACC30F /* ReusableCell.swift */,
			);
			path = Extensions;
			sourceTree = "<group>";
		};
		BCC221922AEAA925003C0989 /* Repositories */ = {
			isa = PBXGroup;
			children = (
				BCC118DC2AE723F900ACC30F /* ArtObjectsRepository.swift */,
				BCC221932AEAA95D003C0989 /* ArtObjectImagesRepository.swift */,
			);
			path = Repositories;
			sourceTree = "<group>";
		};
/* End PBXGroup section */

/* Begin PBXNativeTarget section */
		BCC118902AE6C83D00ACC30F /* RijksDataBrowser */ = {
			isa = PBXNativeTarget;
			buildConfigurationList = BCC118BB2AE6C83F00ACC30F /* Build configuration list for PBXNativeTarget "RijksDataBrowser" */;
			buildPhases = (
				BCC1188D2AE6C83D00ACC30F /* Sources */,
				BCC1188E2AE6C83D00ACC30F /* Frameworks */,
				BCC1188F2AE6C83D00ACC30F /* Resources */,
			);
			buildRules = (
			);
			dependencies = (
			);
			name = RijksDataBrowser;
			packageProductDependencies = (
			);
			productName = RijksDataBrowser;
			productReference = BCC118912AE6C83D00ACC30F /* RijksDataBrowser.app */;
			productType = "com.apple.product-type.application";
		};
		BCC118A62AE6C83F00ACC30F /* RijksDataBrowserTests */ = {
			isa = PBXNativeTarget;
			buildConfigurationList = BCC118BE2AE6C83F00ACC30F /* Build configuration list for PBXNativeTarget "RijksDataBrowserTests" */;
			buildPhases = (
				BCC118A32AE6C83F00ACC30F /* Sources */,
				BCC118A42AE6C83F00ACC30F /* Frameworks */,
				BCC118A52AE6C83F00ACC30F /* Resources */,
			);
			buildRules = (
			);
			dependencies = (
				BCC118A92AE6C83F00ACC30F /* PBXTargetDependency */,
			);
			name = RijksDataBrowserTests;
			productName = RijksDataBrowserTests;
			productReference = BCC118A72AE6C83F00ACC30F /* RijksDataBrowserTests.xctest */;
			productType = "com.apple.product-type.bundle.unit-test";
		};
/* End PBXNativeTarget section */

/* Begin PBXProject section */
		BCC118892AE6C83D00ACC30F /* Project object */ = {
			isa = PBXProject;
			attributes = {
				BuildIndependentTargetsInParallel = 1;
				LastSwiftUpdateCheck = 1420;
				LastUpgradeCheck = 1420;
				TargetAttributes = {
					BCC118902AE6C83D00ACC30F = {
						CreatedOnToolsVersion = 14.2;
					};
					BCC118A62AE6C83F00ACC30F = {
						CreatedOnToolsVersion = 14.2;
						LastSwiftMigration = 1420;
						TestTargetID = BCC118902AE6C83D00ACC30F;
					};
				};
			};
			buildConfigurationList = BCC1188C2AE6C83D00ACC30F /* Build configuration list for PBXProject "RijksDataBrowser" */;
			compatibilityVersion = "Xcode 14.0";
			developmentRegion = en;
			hasScannedForEncodings = 0;
			knownRegions = (
				en,
				Base,
			);
			mainGroup = BCC118882AE6C83D00ACC30F;
			packageReferences = (
			);
			productRefGroup = BCC118922AE6C83D00ACC30F /* Products */;
			projectDirPath = "";
			projectRoot = "";
			targets = (
				BCC118902AE6C83D00ACC30F /* RijksDataBrowser */,
				BCC118A62AE6C83F00ACC30F /* RijksDataBrowserTests */,
			);
		};
/* End PBXProject section */

/* Begin PBXResourcesBuildPhase section */
		BCC1188F2AE6C83D00ACC30F /* Resources */ = {
			isa = PBXResourcesBuildPhase;
			buildActionMask = 2147483647;
			files = (
				BCC118A12AE6C83F00ACC30F /* LaunchScreen.storyboard in Resources */,
				BCC1189E2AE6C83F00ACC30F /* Assets.xcassets in Resources */,
				BCC1189C2AE6C83D00ACC30F /* Main.storyboard in Resources */,
			);
			runOnlyForDeploymentPostprocessing = 0;
		};
		BCC118A52AE6C83F00ACC30F /* Resources */ = {
			isa = PBXResourcesBuildPhase;
			buildActionMask = 2147483647;
			files = (
			);
			runOnlyForDeploymentPostprocessing = 0;
		};
/* End PBXResourcesBuildPhase section */

/* Begin PBXSourcesBuildPhase section */
		BCC1188D2AE6C83D00ACC30F /* Sources */ = {
			isa = PBXSourcesBuildPhase;
			buildActionMask = 2147483647;
			files = (
				BC03FA4B2AEEA76100DFCADC /* ErrorSectionHeaderViewModel.swift in Sources */,
				BCC118C82AE7070200ACC30F /* EndpointProtocol.swift in Sources */,
				BC03FA512AEEE4F200DFCADC /* CoordinatorProtocol.swift in Sources */,
				BCC118D12AE70B4400ACC30F /* CollectionDetailsEndpoint.swift in Sources */,
				BCC118CF2AE707EF00ACC30F /* CollectionDTO.swift in Sources */,
				BCC118D72AE70F6F00ACC30F /* RijksDataService.swift in Sources */,
				BCC221D82AEABB67003C0989 /* ArtObjectsSectionHeaderViewModel.swift in Sources */,
				BCC118F32AE96A2D00ACC30F /* ArtObjectsOverviewCellViewModel.swift in Sources */,
				BCC118992AE6C83D00ACC30F /* ViewController.swift in Sources */,
				BC03FA552AEEEFCD00DFCADC /* Image.swift in Sources */,
				BCC118DD2AE723F900ACC30F /* ArtObjectsRepository.swift in Sources */,
				BC03FA4E2AEECFAE00DFCADC /* LoadableErrorableView.swift in Sources */,
				BCC118952AE6C83D00ACC30F /* AppDelegate.swift in Sources */,
				BC03FA532AEEE56100DFCADC /* ArtObjectDetailsCoordinator.swift in Sources */,
				BCC118FA2AE9C28600ACC30F /* ReusableCell.swift in Sources */,
				BCC118D52AE70F4F00ACC30F /* NetworkClient.swift in Sources */,
				BCC118D92AE7172600ACC30F /* Collection.swift in Sources */,
				BCC118F12AE9694300ACC30F /* ArtObjectsOverviewCell.swift in Sources */,
				BCC118DB2AE7236800ACC30F /* CollectionDetails.swift in Sources */,
				BCC2218D2AEA940A003C0989 /* ArtObjectsOverviewCoordinator.swift in Sources */,
				BCC118FC2AE9C80400ACC30F /* ArtObjectsOverviewViewModel.swift in Sources */,
				BCC118CA2AE7078200ACC30F /* CollectionEndpoint.swift in Sources */,
				BCC118D32AE70B6500ACC30F /* CollectionDetailsDTO.swift in Sources */,
				BC28C48A2AEAEAE70008842E /* ArtObjectDetailsViewController.swift in Sources */,
				BCC221942AEAA95D003C0989 /* ArtObjectImagesRepository.swift in Sources */,
				BC03FA492AEE7B4100DFCADC /* ErrorSectionHeaderView.swift in Sources */,
				BCC118F52AE96E3700ACC30F /* ImageLoaderService.swift in Sources */,
				BCC118EF2AE945F300ACC30F /* ArtObjectsOverviewViewController.swift in Sources */,
				BCC118972AE6C83D00ACC30F /* SceneDelegate.swift in Sources */,
				BC03FA472AEE7B2E00DFCADC /* LoadingSectionHeaderView.swift in Sources */,
				BC28C48C2AEAEBF70008842E /* ArtObjectDetailsViewModel.swift in Sources */,
				BCC221D62AEABAD0003C0989 /* ArtObjectsSectionHeaderView.swift in Sources */,
			);
			runOnlyForDeploymentPostprocessing = 0;
		};
		BCC118A32AE6C83F00ACC30F /* Sources */ = {
			isa = PBXSourcesBuildPhase;
			buildActionMask = 2147483647;
			files = (
				BCC118E92AE8695F00ACC30F /* ArtObjectsRepositoryTests.swift in Sources */,
				BCC118EB2AE8698300ACC30F /* RijksCollectionDataServiceStub.swift in Sources */,
			);
			runOnlyForDeploymentPostprocessing = 0;
		};
/* End PBXSourcesBuildPhase section */

/* Begin PBXTargetDependency section */
		BCC118A92AE6C83F00ACC30F /* PBXTargetDependency */ = {
			isa = PBXTargetDependency;
			target = BCC118902AE6C83D00ACC30F /* RijksDataBrowser */;
			targetProxy = BCC118A82AE6C83F00ACC30F /* PBXContainerItemProxy */;
		};
/* End PBXTargetDependency section */

/* Begin PBXVariantGroup section */
		BCC1189A2AE6C83D00ACC30F /* Main.storyboard */ = {
			isa = PBXVariantGroup;
			children = (
				BCC1189B2AE6C83D00ACC30F /* Base */,
			);
			name = Main.storyboard;
			sourceTree = "<group>";
		};
		BCC1189F2AE6C83F00ACC30F /* LaunchScreen.storyboard */ = {
			isa = PBXVariantGroup;
			children = (
				BCC118A02AE6C83F00ACC30F /* Base */,
			);
			name = LaunchScreen.storyboard;
			sourceTree = "<group>";
		};
/* End PBXVariantGroup section */

/* Begin XCBuildConfiguration section */
		BCC118B92AE6C83F00ACC30F /* Debug */ = {
			isa = XCBuildConfiguration;
			buildSettings = {
				ALWAYS_SEARCH_USER_PATHS = NO;
				CLANG_ANALYZER_NONNULL = YES;
				CLANG_ANALYZER_NUMBER_OBJECT_CONVERSION = YES_AGGRESSIVE;
				CLANG_CXX_LANGUAGE_STANDARD = "gnu++20";
				CLANG_ENABLE_MODULES = YES;
				CLANG_ENABLE_OBJC_ARC = YES;
				CLANG_ENABLE_OBJC_WEAK = YES;
				CLANG_WARN_BLOCK_CAPTURE_AUTORELEASING = YES;
				CLANG_WARN_BOOL_CONVERSION = YES;
				CLANG_WARN_COMMA = YES;
				CLANG_WARN_CONSTANT_CONVERSION = YES;
				CLANG_WARN_DEPRECATED_OBJC_IMPLEMENTATIONS = YES;
				CLANG_WARN_DIRECT_OBJC_ISA_USAGE = YES_ERROR;
				CLANG_WARN_DOCUMENTATION_COMMENTS = YES;
				CLANG_WARN_EMPTY_BODY = YES;
				CLANG_WARN_ENUM_CONVERSION = YES;
				CLANG_WARN_INFINITE_RECURSION = YES;
				CLANG_WARN_INT_CONVERSION = YES;
				CLANG_WARN_NON_LITERAL_NULL_CONVERSION = YES;
				CLANG_WARN_OBJC_IMPLICIT_RETAIN_SELF = YES;
				CLANG_WARN_OBJC_LITERAL_CONVERSION = YES;
				CLANG_WARN_OBJC_ROOT_CLASS = YES_ERROR;
				CLANG_WARN_QUOTED_INCLUDE_IN_FRAMEWORK_HEADER = YES;
				CLANG_WARN_RANGE_LOOP_ANALYSIS = YES;
				CLANG_WARN_STRICT_PROTOTYPES = YES;
				CLANG_WARN_SUSPICIOUS_MOVE = YES;
				CLANG_WARN_UNGUARDED_AVAILABILITY = YES_AGGRESSIVE;
				CLANG_WARN_UNREACHABLE_CODE = YES;
				CLANG_WARN__DUPLICATE_METHOD_MATCH = YES;
				COPY_PHASE_STRIP = NO;
				DEBUG_INFORMATION_FORMAT = dwarf;
				ENABLE_STRICT_OBJC_MSGSEND = YES;
				ENABLE_TESTABILITY = YES;
				GCC_C_LANGUAGE_STANDARD = gnu11;
				GCC_DYNAMIC_NO_PIC = NO;
				GCC_NO_COMMON_BLOCKS = YES;
				GCC_OPTIMIZATION_LEVEL = 0;
				GCC_PREPROCESSOR_DEFINITIONS = (
					"DEBUG=1",
					"$(inherited)",
				);
				GCC_WARN_64_TO_32_BIT_CONVERSION = YES;
				GCC_WARN_ABOUT_RETURN_TYPE = YES_ERROR;
				GCC_WARN_UNDECLARED_SELECTOR = YES;
				GCC_WARN_UNINITIALIZED_AUTOS = YES_AGGRESSIVE;
				GCC_WARN_UNUSED_FUNCTION = YES;
				GCC_WARN_UNUSED_VARIABLE = YES;
				IPHONEOS_DEPLOYMENT_TARGET = 15.0;
				MTL_ENABLE_DEBUG_INFO = INCLUDE_SOURCE;
				MTL_FAST_MATH = YES;
				ONLY_ACTIVE_ARCH = YES;
				SDKROOT = iphoneos;
				SWIFT_ACTIVE_COMPILATION_CONDITIONS = DEBUG;
				SWIFT_OPTIMIZATION_LEVEL = "-Onone";
			};
			name = Debug;
		};
		BCC118BA2AE6C83F00ACC30F /* Release */ = {
			isa = XCBuildConfiguration;
			buildSettings = {
				ALWAYS_SEARCH_USER_PATHS = NO;
				CLANG_ANALYZER_NONNULL = YES;
				CLANG_ANALYZER_NUMBER_OBJECT_CONVERSION = YES_AGGRESSIVE;
				CLANG_CXX_LANGUAGE_STANDARD = "gnu++20";
				CLANG_ENABLE_MODULES = YES;
				CLANG_ENABLE_OBJC_ARC = YES;
				CLANG_ENABLE_OBJC_WEAK = YES;
				CLANG_WARN_BLOCK_CAPTURE_AUTORELEASING = YES;
				CLANG_WARN_BOOL_CONVERSION = YES;
				CLANG_WARN_COMMA = YES;
				CLANG_WARN_CONSTANT_CONVERSION = YES;
				CLANG_WARN_DEPRECATED_OBJC_IMPLEMENTATIONS = YES;
				CLANG_WARN_DIRECT_OBJC_ISA_USAGE = YES_ERROR;
				CLANG_WARN_DOCUMENTATION_COMMENTS = YES;
				CLANG_WARN_EMPTY_BODY = YES;
				CLANG_WARN_ENUM_CONVERSION = YES;
				CLANG_WARN_INFINITE_RECURSION = YES;
				CLANG_WARN_INT_CONVERSION = YES;
				CLANG_WARN_NON_LITERAL_NULL_CONVERSION = YES;
				CLANG_WARN_OBJC_IMPLICIT_RETAIN_SELF = YES;
				CLANG_WARN_OBJC_LITERAL_CONVERSION = YES;
				CLANG_WARN_OBJC_ROOT_CLASS = YES_ERROR;
				CLANG_WARN_QUOTED_INCLUDE_IN_FRAMEWORK_HEADER = YES;
				CLANG_WARN_RANGE_LOOP_ANALYSIS = YES;
				CLANG_WARN_STRICT_PROTOTYPES = YES;
				CLANG_WARN_SUSPICIOUS_MOVE = YES;
				CLANG_WARN_UNGUARDED_AVAILABILITY = YES_AGGRESSIVE;
				CLANG_WARN_UNREACHABLE_CODE = YES;
				CLANG_WARN__DUPLICATE_METHOD_MATCH = YES;
				COPY_PHASE_STRIP = NO;
				DEBUG_INFORMATION_FORMAT = "dwarf-with-dsym";
				ENABLE_NS_ASSERTIONS = NO;
				ENABLE_STRICT_OBJC_MSGSEND = YES;
				GCC_C_LANGUAGE_STANDARD = gnu11;
				GCC_NO_COMMON_BLOCKS = YES;
				GCC_WARN_64_TO_32_BIT_CONVERSION = YES;
				GCC_WARN_ABOUT_RETURN_TYPE = YES_ERROR;
				GCC_WARN_UNDECLARED_SELECTOR = YES;
				GCC_WARN_UNINITIALIZED_AUTOS = YES_AGGRESSIVE;
				GCC_WARN_UNUSED_FUNCTION = YES;
				GCC_WARN_UNUSED_VARIABLE = YES;
				IPHONEOS_DEPLOYMENT_TARGET = 15.0;
				MTL_ENABLE_DEBUG_INFO = NO;
				MTL_FAST_MATH = YES;
				SDKROOT = iphoneos;
				SWIFT_COMPILATION_MODE = wholemodule;
				SWIFT_OPTIMIZATION_LEVEL = "-O";
				VALIDATE_PRODUCT = YES;
			};
			name = Release;
		};
		BCC118BC2AE6C83F00ACC30F /* Debug */ = {
			isa = XCBuildConfiguration;
			buildSettings = {
				ASSETCATALOG_COMPILER_APPICON_NAME = AppIcon;
				ASSETCATALOG_COMPILER_GLOBAL_ACCENT_COLOR_NAME = AccentColor;
				CODE_SIGN_STYLE = Automatic;
				CURRENT_PROJECT_VERSION = 1;
				GENERATE_INFOPLIST_FILE = YES;
				INFOPLIST_FILE = RijksDataBrowser/Info.plist;
				INFOPLIST_KEY_UIApplicationSupportsIndirectInputEvents = YES;
				INFOPLIST_KEY_UILaunchStoryboardName = LaunchScreen;
				INFOPLIST_KEY_UIMainStoryboardFile = Main;
				INFOPLIST_KEY_UISupportedInterfaceOrientations_iPad = "UIInterfaceOrientationPortrait UIInterfaceOrientationPortraitUpsideDown UIInterfaceOrientationLandscapeLeft UIInterfaceOrientationLandscapeRight";
				INFOPLIST_KEY_UISupportedInterfaceOrientations_iPhone = "UIInterfaceOrientationPortrait UIInterfaceOrientationLandscapeLeft UIInterfaceOrientationLandscapeRight";
				LD_RUNPATH_SEARCH_PATHS = (
					"$(inherited)",
					"@executable_path/Frameworks",
				);
				MARKETING_VERSION = 1.0;
				PRODUCT_BUNDLE_IDENTIFIER = com.agarmash.RijksDataBrowser;
				PRODUCT_NAME = "$(TARGET_NAME)";
				SWIFT_EMIT_LOC_STRINGS = YES;
				SWIFT_VERSION = 5.0;
				TARGETED_DEVICE_FAMILY = "1,2";
			};
			name = Debug;
		};
		BCC118BD2AE6C83F00ACC30F /* Release */ = {
			isa = XCBuildConfiguration;
			buildSettings = {
				ASSETCATALOG_COMPILER_APPICON_NAME = AppIcon;
				ASSETCATALOG_COMPILER_GLOBAL_ACCENT_COLOR_NAME = AccentColor;
				CODE_SIGN_STYLE = Automatic;
				CURRENT_PROJECT_VERSION = 1;
				GENERATE_INFOPLIST_FILE = YES;
				INFOPLIST_FILE = RijksDataBrowser/Info.plist;
				INFOPLIST_KEY_UIApplicationSupportsIndirectInputEvents = YES;
				INFOPLIST_KEY_UILaunchStoryboardName = LaunchScreen;
				INFOPLIST_KEY_UIMainStoryboardFile = Main;
				INFOPLIST_KEY_UISupportedInterfaceOrientations_iPad = "UIInterfaceOrientationPortrait UIInterfaceOrientationPortraitUpsideDown UIInterfaceOrientationLandscapeLeft UIInterfaceOrientationLandscapeRight";
				INFOPLIST_KEY_UISupportedInterfaceOrientations_iPhone = "UIInterfaceOrientationPortrait UIInterfaceOrientationLandscapeLeft UIInterfaceOrientationLandscapeRight";
				LD_RUNPATH_SEARCH_PATHS = (
					"$(inherited)",
					"@executable_path/Frameworks",
				);
				MARKETING_VERSION = 1.0;
				PRODUCT_BUNDLE_IDENTIFIER = com.agarmash.RijksDataBrowser;
				PRODUCT_NAME = "$(TARGET_NAME)";
				SWIFT_EMIT_LOC_STRINGS = YES;
				SWIFT_VERSION = 5.0;
				TARGETED_DEVICE_FAMILY = "1,2";
			};
			name = Release;
		};
		BCC118BF2AE6C83F00ACC30F /* Debug */ = {
			isa = XCBuildConfiguration;
			buildSettings = {
				ALWAYS_EMBED_SWIFT_STANDARD_LIBRARIES = YES;
				BUNDLE_LOADER = "$(TEST_HOST)";
				CLANG_ENABLE_MODULES = YES;
				CODE_SIGN_STYLE = Automatic;
				CURRENT_PROJECT_VERSION = 1;
				GENERATE_INFOPLIST_FILE = YES;
				IPHONEOS_DEPLOYMENT_TARGET = 16.2;
				LD_RUNPATH_SEARCH_PATHS = (
					"$(inherited)",
					"@executable_path/Frameworks",
					"@loader_path/Frameworks",
				);
				MARKETING_VERSION = 1.0;
				PRODUCT_BUNDLE_IDENTIFIER = com.agarmash.RijksDataBrowserTests;
				PRODUCT_NAME = "$(TARGET_NAME)";
				SWIFT_EMIT_LOC_STRINGS = NO;
				SWIFT_OPTIMIZATION_LEVEL = "-Onone";
				SWIFT_VERSION = 5.0;
				TARGETED_DEVICE_FAMILY = "1,2";
				TEST_HOST = "$(BUILT_PRODUCTS_DIR)/RijksDataBrowser.app/$(BUNDLE_EXECUTABLE_FOLDER_PATH)/RijksDataBrowser";
			};
			name = Debug;
		};
		BCC118C02AE6C83F00ACC30F /* Release */ = {
			isa = XCBuildConfiguration;
			buildSettings = {
				ALWAYS_EMBED_SWIFT_STANDARD_LIBRARIES = YES;
				BUNDLE_LOADER = "$(TEST_HOST)";
				CLANG_ENABLE_MODULES = YES;
				CODE_SIGN_STYLE = Automatic;
				CURRENT_PROJECT_VERSION = 1;
				GENERATE_INFOPLIST_FILE = YES;
				IPHONEOS_DEPLOYMENT_TARGET = 16.2;
				LD_RUNPATH_SEARCH_PATHS = (
					"$(inherited)",
					"@executable_path/Frameworks",
					"@loader_path/Frameworks",
				);
				MARKETING_VERSION = 1.0;
				PRODUCT_BUNDLE_IDENTIFIER = com.agarmash.RijksDataBrowserTests;
				PRODUCT_NAME = "$(TARGET_NAME)";
				SWIFT_EMIT_LOC_STRINGS = NO;
				SWIFT_VERSION = 5.0;
				TARGETED_DEVICE_FAMILY = "1,2";
				TEST_HOST = "$(BUILT_PRODUCTS_DIR)/RijksDataBrowser.app/$(BUNDLE_EXECUTABLE_FOLDER_PATH)/RijksDataBrowser";
			};
			name = Release;
		};
/* End XCBuildConfiguration section */

/* Begin XCConfigurationList section */
		BCC1188C2AE6C83D00ACC30F /* Build configuration list for PBXProject "RijksDataBrowser" */ = {
			isa = XCConfigurationList;
			buildConfigurations = (
				BCC118B92AE6C83F00ACC30F /* Debug */,
				BCC118BA2AE6C83F00ACC30F /* Release */,
			);
			defaultConfigurationIsVisible = 0;
			defaultConfigurationName = Release;
		};
		BCC118BB2AE6C83F00ACC30F /* Build configuration list for PBXNativeTarget "RijksDataBrowser" */ = {
			isa = XCConfigurationList;
			buildConfigurations = (
				BCC118BC2AE6C83F00ACC30F /* Debug */,
				BCC118BD2AE6C83F00ACC30F /* Release */,
			);
			defaultConfigurationIsVisible = 0;
			defaultConfigurationName = Release;
		};
		BCC118BE2AE6C83F00ACC30F /* Build configuration list for PBXNativeTarget "RijksDataBrowserTests" */ = {
			isa = XCConfigurationList;
			buildConfigurations = (
				BCC118BF2AE6C83F00ACC30F /* Debug */,
				BCC118C02AE6C83F00ACC30F /* Release */,
			);
			defaultConfigurationIsVisible = 0;
			defaultConfigurationName = Release;
		};
/* End XCConfigurationList section */
	};
	rootObject = BCC118892AE6C83D00ACC30F /* Project object */;
}
